
Microsoft Visual Studio Solution File, Format Version 12.00
# Visual Studio Version 17
VisualStudioVersion = 17.4.33205.214
MinimumVisualStudioVersion = 10.0.40219.1
Project("{FAE04EC0-301F-11D3-BF4B-00C04F79EFBC}") = "TZ.Net", "TZ.Net\TZ.Net.csproj", "{07EC5747-0938-40A2-9E98-0FED99079C16}"
EndProject
Global
	GlobalSection(SolutionConfigurationPlatforms) = preSolution
		Debug|Any CPU = Debug|Any CPU
		Release|Any CPU = Release|Any CPU
	EndGlobalSection
	GlobalSection(ProjectConfigurationPlatforms) = postSolution
		{07EC5747-0938-40A2-9E98-0FED99079C16}.Debug|Any CPU.ActiveCfg = Debug|Any CPU
		{07EC5747-0938-40A2-9E98-0FED99079C16}.Debug|Any CPU.Build.0 = Debug|Any CPU
		{07EC5747-0938-40A2-9E98-0FED99079C16}.Release|Any CPU.ActiveCfg = Release|Any CPU
		{07EC5747-0938-40A2-9E98-0FED99079C16}.Release|Any CPU.Build.0 = Release|Any CPU
	EndGlobalSection
	GlobalSection(SolutionProperties) = preSolution
		HideSolutionNode = FALSE
	EndGlobalSection
	GlobalSection(ExtensibilityGlobals) = postSolution
		SolutionGuid = {C5BE15A7-6A87-49A6-9374-7EDC602A9CB0}
	EndGlobalSection
EndGlobal
